
Microsoft Visual Studio Solution File, Format Version 12.00
# Visual Studio Version 16
VisualStudioVersion = 16.0.29424.173
MinimumVisualStudioVersion = 10.0.40219.1
Project("{FAE04EC0-301F-11D3-BF4B-00C04F79EFBC}") = "VMTranslator", "VMTranslator\VMTranslator.csproj", "{A5E61FCC-5999-4598-A39F-6FED02711063}"
EndProject
Global
	GlobalSection(SolutionConfigurationPlatforms) = preSolution
		Debug|Any CPU = Debug|Any CPU
		Release|Any CPU = Release|Any CPU
	EndGlobalSection
	GlobalSection(ProjectConfigurationPlatforms) = postSolution
		{A5E61FCC-5999-4598-A39F-6FED02711063}.Debug|Any CPU.ActiveCfg = Debug|Any CPU
		{A5E61FCC-5999-4598-A39F-6FED02711063}.Debug|Any CPU.Build.0 = Debug|Any CPU
		{A5E61FCC-5999-4598-A39F-6FED02711063}.Release|Any CPU.ActiveCfg = Release|Any CPU
		{A5E61FCC-5999-4598-A39F-6FED02711063}.Release|Any CPU.Build.0 = Release|Any CPU
	EndGlobalSection
	GlobalSection(SolutionProperties) = preSolution
		HideSolutionNode = FALSE
	EndGlobalSection
	GlobalSection(ExtensibilityGlobals) = postSolution
		SolutionGuid = {2D73679F-DA5F-41F6-8F32-DD54DF8A9536}
	EndGlobalSection
EndGlobal
